
Microsoft Visual Studio Solution File, Format Version 12.00
# Visual Studio Version 17
VisualStudioVersion = 17.4.33110.190
MinimumVisualStudioVersion = 10.0.40219.1
Project("{9A19103F-16F7-4668-BE54-9A1E7A4F7556}") = "Exercise7.7", "ConsoleApp_Exercise7.7_SkillFactory_Csh-dev\Exercise7.7.csproj", "{0CD4FB2D-B6E5-4C64-8446-D81FF9FA959E}"
EndProject
Global
	GlobalSection(SolutionConfigurationPlatforms) = preSolution
		Debug|Any CPU = Debug|Any CPU
		Release|Any CPU = Release|Any CPU
	EndGlobalSection
	GlobalSection(ProjectConfigurationPlatforms) = postSolution
		{0CD4FB2D-B6E5-4C64-8446-D81FF9FA959E}.Debug|Any CPU.ActiveCfg = Debug|Any CPU
		{0CD4FB2D-B6E5-4C64-8446-D81FF9FA959E}.Debug|Any CPU.Build.0 = Debug|Any CPU
		{0CD4FB2D-B6E5-4C64-8446-D81FF9FA959E}.Release|Any CPU.ActiveCfg = Release|Any CPU
		{0CD4FB2D-B6E5-4C64-8446-D81FF9FA959E}.Release|Any CPU.Build.0 = Release|Any CPU
	EndGlobalSection
	GlobalSection(SolutionProperties) = preSolution
		HideSolutionNode = FALSE
	EndGlobalSection
	GlobalSection(ExtensibilityGlobals) = postSolution
		SolutionGuid = {E6F8DFC9-7282-4FBF-B671-6917C07B4122}
	EndGlobalSection
EndGlobal
